
Microsoft Visual Studio Solution File, Format Version 12.00
# Visual Studio 2013
VisualStudioVersion = 12.0.21005.1
MinimumVisualStudioVersion = 10.0.40219.1
Project("{FAE04EC0-301F-11D3-BF4B-00C04F79EFBC}") = "CalculatorLib", "CalculatorLib\CalculatorLib.csproj", "{8A242C89-6895-41CA-9086-1369480BC355}"
EndProject
Project("{FAE04EC0-301F-11D3-BF4B-00C04F79EFBC}") = "CalculatorServiceHost", "CalculatorServiceHost\CalculatorServiceHost.csproj", "{E8D7096F-8144-4E97-902F-28C6473AC0ED}"
EndProject
Project("{FAE04EC0-301F-11D3-BF4B-00C04F79EFBC}") = "CalculatorClient", "CalculatorClient\CalculatorClient.csproj", "{CAEB4154-3882-4167-9481-8C3AE73BE32D}"
EndProject
Project("{FAE04EC0-301F-11D3-BF4B-00C04F79EFBC}") = "DiscoveryApp", "DiscoveryClient\DiscoveryApp.csproj", "{007E079F-00A2-47D9-98C6-20423B2B0817}"
EndProject
Project("{2150E333-8FDC-42A3-9474-1A3956D46DE8}") = "Discovery Proxy", "Discovery Proxy", "{9AE7C231-AA5B-4085-9D73-F24E0B5D38EF}"
EndProject
Project("{2150E333-8FDC-42A3-9474-1A3956D46DE8}") = "Calculator Service", "Calculator Service", "{B2F49AF2-7BC0-47C8-A40B-9D94C1EA15C2}"
EndProject
Project("{FAE04EC0-301F-11D3-BF4B-00C04F79EFBC}") = "DiscoveryProxy", "DiscoveryProxy\DiscoveryProxy.csproj", "{91637944-DCAB-462A-993E-A183178800F6}"
EndProject
Project("{FAE04EC0-301F-11D3-BF4B-00C04F79EFBC}") = "Service", "Service\Service.csproj", "{F6449811-48F7-4FC1-886F-50FD26D7FE7F}"
EndProject
Project("{FAE04EC0-301F-11D3-BF4B-00C04F79EFBC}") = "Client", "Client\Client.csproj", "{DAC6950F-E777-44A9-9952-4B98C108F3AE}"
EndProject
Global
	GlobalSection(SolutionConfigurationPlatforms) = preSolution
		Debug|Any CPU = Debug|Any CPU
		Release|Any CPU = Release|Any CPU
	EndGlobalSection
	GlobalSection(ProjectConfigurationPlatforms) = postSolution
		{8A242C89-6895-41CA-9086-1369480BC355}.Debug|Any CPU.ActiveCfg = Debug|Any CPU
		{8A242C89-6895-41CA-9086-1369480BC355}.Debug|Any CPU.Build.0 = Debug|Any CPU
		{8A242C89-6895-41CA-9086-1369480BC355}.Release|Any CPU.ActiveCfg = Release|Any CPU
		{8A242C89-6895-41CA-9086-1369480BC355}.Release|Any CPU.Build.0 = Release|Any CPU
		{E8D7096F-8144-4E97-902F-28C6473AC0ED}.Debug|Any CPU.ActiveCfg = Debug|Any CPU
		{E8D7096F-8144-4E97-902F-28C6473AC0ED}.Debug|Any CPU.Build.0 = Debug|Any CPU
		{E8D7096F-8144-4E97-902F-28C6473AC0ED}.Release|Any CPU.ActiveCfg = Release|Any CPU
		{E8D7096F-8144-4E97-902F-28C6473AC0ED}.Release|Any CPU.Build.0 = Release|Any CPU
		{CAEB4154-3882-4167-9481-8C3AE73BE32D}.Debug|Any CPU.ActiveCfg = Debug|Any CPU
		{CAEB4154-3882-4167-9481-8C3AE73BE32D}.Debug|Any CPU.Build.0 = Debug|Any CPU
		{CAEB4154-3882-4167-9481-8C3AE73BE32D}.Release|Any CPU.ActiveCfg = Release|Any CPU
		{CAEB4154-3882-4167-9481-8C3AE73BE32D}.Release|Any CPU.Build.0 = Release|Any CPU
		{007E079F-00A2-47D9-98C6-20423B2B0817}.Debug|Any CPU.ActiveCfg = Debug|Any CPU
		{007E079F-00A2-47D9-98C6-20423B2B0817}.Debug|Any CPU.Build.0 = Debug|Any CPU
		{007E079F-00A2-47D9-98C6-20423B2B0817}.Release|Any CPU.ActiveCfg = Release|Any CPU
		{007E079F-00A2-47D9-98C6-20423B2B0817}.Release|Any CPU.Build.0 = Release|Any CPU
		{91637944-DCAB-462A-993E-A183178800F6}.Debug|Any CPU.ActiveCfg = Debug|Any CPU
		{91637944-DCAB-462A-993E-A183178800F6}.Debug|Any CPU.Build.0 = Debug|Any CPU
		{91637944-DCAB-462A-993E-A183178800F6}.Release|Any CPU.ActiveCfg = Release|Any CPU
		{91637944-DCAB-462A-993E-A183178800F6}.Release|Any CPU.Build.0 = Release|Any CPU
		{F6449811-48F7-4FC1-886F-50FD26D7FE7F}.Debug|Any CPU.ActiveCfg = Debug|Any CPU
		{F6449811-48F7-4FC1-886F-50FD26D7FE7F}.Debug|Any CPU.Build.0 = Debug|Any CPU
		{F6449811-48F7-4FC1-886F-50FD26D7FE7F}.Release|Any CPU.ActiveCfg = Release|Any CPU
		{F6449811-48F7-4FC1-886F-50FD26D7FE7F}.Release|Any CPU.Build.0 = Release|Any CPU
		{DAC6950F-E777-44A9-9952-4B98C108F3AE}.Debug|Any CPU.ActiveCfg = Debug|Any CPU
		{DAC6950F-E777-44A9-9952-4B98C108F3AE}.Debug|Any CPU.Build.0 = Debug|Any CPU
		{DAC6950F-E777-44A9-9952-4B98C108F3AE}.Release|Any CPU.ActiveCfg = Release|Any CPU
		{DAC6950F-E777-44A9-9952-4B98C108F3AE}.Release|Any CPU.Build.0 = Release|Any CPU
	EndGlobalSection
	GlobalSection(SolutionProperties) = preSolution
		HideSolutionNode = FALSE
	EndGlobalSection
	GlobalSection(NestedProjects) = preSolution
		{91637944-DCAB-462A-993E-A183178800F6} = {9AE7C231-AA5B-4085-9D73-F24E0B5D38EF}
		{F6449811-48F7-4FC1-886F-50FD26D7FE7F} = {9AE7C231-AA5B-4085-9D73-F24E0B5D38EF}
		{DAC6950F-E777-44A9-9952-4B98C108F3AE} = {9AE7C231-AA5B-4085-9D73-F24E0B5D38EF}
		{CAEB4154-3882-4167-9481-8C3AE73BE32D} = {B2F49AF2-7BC0-47C8-A40B-9D94C1EA15C2}
		{8A242C89-6895-41CA-9086-1369480BC355} = {B2F49AF2-7BC0-47C8-A40B-9D94C1EA15C2}
		{E8D7096F-8144-4E97-902F-28C6473AC0ED} = {B2F49AF2-7BC0-47C8-A40B-9D94C1EA15C2}
		{007E079F-00A2-47D9-98C6-20423B2B0817} = {B2F49AF2-7BC0-47C8-A40B-9D94C1EA15C2}
	EndGlobalSection
EndGlobal
